github.com/go-resty/resty/v2 v2.7.0 h1:y67Yb4Z5K6V1R7L7Z5K6V1R7L7Z5K6V1R7L7Z5K6V1R7L7=
github.com/go-resty/resty/v2 v2.7.0/go.mod h1:y67Yb4Z5K6V1R7L7Z5K6V1R7L7Z5K6V1R7L7Z5K6V1R7L7=
github.com/mattn/go-ieproxy v0.0.1 h1:y67Yb4Z5K6V1R7L7Z5K6V1R7L7Z5K6V1R7L7Z5K6V1R7L7=
github.com/mattn/go-ieproxy v0.0.1/go.mod h1:y67Yb4Z5K6V1R7L7Z5K6V1R7L7Z5K6V1R7L7Z5K6V1R7L7=
github.com/pkg/errors v0.9.1 h1:y67Yb4Z5K6V1R7L7Z5K6V1R7L7Z5K6V1R7L7Z5K6V1R7L7=
github.com/pkg/errors v0.9.1/go.mod h1:y67Yb4Z5K6V1R7L7Z5K6V1R7L7Z5K6V1R7L7Z5K6V1R7L7=
github.com/showwin/speedtest-go v1.7.10 h1:y67Yb4Z5K6V1R7L7Z5K6V1R7L7Z5K6V1R7L7Z5K6V1R7L7=
github.com/showwin/speedtest-go v1.7.10/go.mod h1:y67Yb4Z5K6V1R7L7Z5K6V1R7L7Z5K6V1R7L7Z5K6V1R7L7=
github.com/tidwall/gjson v1.14.4 h1:y67Yb4Z5K6V1R7L7Z5K6V1R7L7Z5K6V1R7L7Z5K6V1R7L7=
github.com/tidwall/gjson v1.14.4/go.mod h1:y67Yb4Z5K6V1R7L7Z5K6V1R7L7Z5K6V1R7L7Z5K6V1R7L7=
github.com/tidwall/match v1.1.1 h1:y67Yb4Z5K6V1R7L7Z5K6V1R7L7Z5K6V1R7L7Z5K6V1R7L7=
github.com/tidwall/match v1.1.1/go.mod h1:y67Yb4Z5K6V1R7L7Z5K6V1R7L7Z5K6V1R7L7Z5K6V1R7L7=
github.com/tidwall/pretty v1.2.0 h1:y67Yb4Z5K6V1R7L7Z5K6V1R7L7Z5K6V1R7L7Z5K6V1R7L7=
github.com/tidwall/pretty v1.2.0/go.mod h1:y67Yb4Z5K6V1R7L7Z5K6V1R7L7Z5K6V1R7L7Z5K6V1R7L7=
gopkg.in/yaml.v3 v3.0.0-20230313130205-39d43179e3b2 h1:y67Yb4Z5K6V1R7L7Z5K6V1R7L7Z5K6V1R7L7Z5K6V1R7L7=
gopkg.in/yaml.v3 v3.0.0-20230313130205-39d43179e3b2/go.mod h1:y67Yb4Z5K6V1R7L7Z5K6V1R7L7Z5K6V1R7L7Z5K6V1R7L7=
golang.org/x/net v0.0.0-20220722155237-a158d28d115b h1:y67Yb4Z5K6V1R7L7Z5K6V1R7L7Z5K6V1R7L7Z5K6V1R7L7=
golang.org/x/net v0.0.0-20220722155237-a158d28d115b/go.mod h1:y67Yb4Z5K6V1R7L7Z5K6V1R7L7Z5K6V1R7L7Z5K6V1R7L7=
golang.org/x/sys v0.0.0-20220811171246-fbc7d0a398ab h1:y67Yb4Z5K6V1R7L7Z5K6V1R7L7Z5K6V1R7L7Z5K6V1R7L7=
golang.org/x/sys v0.0.0-20220811171246-fbc7d0a398ab/go.mod h1:y67Yb4Z5K6V1R7L7Z5K6V1R7L7Z5K6V1R7L7Z5K6V1R7L7=