github.com/go-resty/resty/v2 v2.7.0 h1:Zp8gVq0W7h0yYw4V0F7K5t1b+W7Vf5F7K5t1b+W7Vf5F7=
github.com/go-resty/resty/v2 v2.7.0/go.mod h1:5K6Q8v4lRw4S5wX0F6H6Q8v4lRw4S5wX0F6H6Q8v4lRw=
github.com/mattn/go-ieproxy v0.0.1 h1:5K6Q8v4lRw4S5wX0F6H6Q8v4lRw4S5wX0F6H6Q8v4lRw=
github.com/mattn/go-ieproxy v0.0.1/go.mod h1:5K6Q8v4lRw4S5wX0F6H6Q8v4lRw4S5wX0F6H6Q8v4lRw=
github.com/pkg/errors v0.9.1 h1:5K6Q8v4lRw4S5wX0F6H6Q8v4lRw4S5wX0F6H6Q8v4lRw=
github.com/pkg/errors v0.9.1/go.mod h1:5K6Q8v4lRw4S5wX0F6H6Q8v4lRw4S5wX0F6H6Q8v4lRw=
github.com/showwin/speedtest-go v1.7.10 h1:9o5zb7KsuzZKn+IE2//z5btLKJ870JwO6ETayUkqRFw=
github.com/showwin/speedtest-go v1.7.10/go.mod h1:5K6Q8v4lRw4S5wX0F6H6Q8v4lRw4S5wX0F6H6Q8v4lRw=
github.com/tidwall/gjson v1.14.4 h1:5K6Q8v4lRw4S5wX0F6H6Q8v4lRw4S5wX0F6H6Q8v4lRw=
github.com/tidwall/gjson v1.14.4/go.mod h1:5K6Q8v4lRw4S5wX0F6H6Q8v4lRw4S5wX0F6H6Q8v4lRw=
github.com/tidwall/match v1.1.1 h1:5K6Q8v4lRw4S5wX0F6H6Q8v4lRw4S5wX0F6H6Q8v4lRw=
github.com/tidwall/match v1.1.1/go.mod h1:5K6Q8v4lRw4S5wX0F6H6Q8v4lRw4S5wX0F6H6Q8v4lRw=
github.com/tidwall/pretty v1.2.0 h1:5K6Q8v4lRw4S5wX0F6H6Q8v4lRw4S5wX0F6H6Q8v4lRw=
github.com/tidwall/pretty v1.2.0/go.mod h1:5K6Q8v4lRw4S5wX0F6H6Q8v4lRw4S5wX0F6H6Q8v4lRw=
gopkg.in/yaml.v3 v3.0.0-20230313130205-39d43179e3b2 h1:fxVm/GzAzEWqLHuvctI91KS9hhNmmWOoWu0XTYJS7CA=
gopkg.in/yaml.v3 v3.0.0-20230313130205-39d43179e3b2/go.mod h1:K4uyk7z7BCEPqu6E+C64Yfv1cQ7kz7rIZviUmN+EgEM=
golang.org/x/net v0.0.0-20220722155237-a158d28d115b h1:5K6Q8v4lRw4S5wX0F6H6Q8v4lRw4S5wX0F6H6Q8v4lRw=
golang.org/x/net v0.0.0-20220722155237-a158d28d115b/go.mod h1:5K6Q8v4lRw4S5wX0F6H6Q8v4lRw4S5wX0F6H6Q8v4lRw=
golang.org/x/sys v0.0.0-20220811171246-fbc7d0a398ab h1:5K6Q8v4lRw4S5wX0F6H6Q8v4lRw4S5wX0F6H6Q8v4lRw=
golang.org/x/sys v0.0.0-20220811171246-fbc7d0a398ab/go.mod h1:5K6Q8v4lRw4S5wX0F6H6Q8v4lRw4S5wX0F6H6Q8v4lRw=