github.com/showwin/speedtest-go v1.7.10 h1:9o5zb7KsuzZKn+IE2//z5btLKJ870JwO6ETayUkqRFw=
github.com/showwin/speedtest-go v1.7.10/go.mod h1:Ei7OCTmNPdWofMadzcfgq1rUO7mvJy9Jycj//G7vyfA=
gopkg.in/check.v1 v0.0.0-20161208181325-20d25e280405 h1:yhCVgyC4o1eVCa2tZl7eS0r+SDo693bJlVdllGtEeKM=
gopkg.in/check.v1 v0.0.0-20161208181325-20d25e280405/go.mod h1:Co6ibVJAznAaIkqp8huTwlJQCZ016jof/cbN4VW5Yz0=
gopkg.in/yaml.v3 v3.0.0 h1:hjy8E9ON/egN1tAYqKb61G10WtihqetD4sz2H+8nIeA=
gopkg.in/yaml.v3 v3.0.0/go.mod h1:K4uyk7z7BCEPqu6E+C64Yfv1cQ7kz7rIZviUmN+EgEM=
